
Microsoft Visual Studio Solution File, Format Version 12.00
# Visual Studio Version 16
VisualStudioVersion = 16.0.29009.5
MinimumVisualStudioVersion = 10.0.40219.1
Project("{9A19103F-16F7-4668-BE54-9A1E7A4F7556}") = "BookListRazor", "BookListRazor\BookListRazor.csproj", "{14EAB4C5-C4AA-4443-BB40-FF355A47A5F3}"
EndProject
Project("{9A19103F-16F7-4668-BE54-9A1E7A4F7556}") = "SparkAuto", "SparkAuto\SparkAuto.csproj", "{47EEC0B1-3B87-4796-9D9D-4864618DE324}"
EndProject
Global
	GlobalSection(SolutionConfigurationPlatforms) = preSolution
		Debug|Any CPU = Debug|Any CPU
		Release|Any CPU = Release|Any CPU
	EndGlobalSection
	GlobalSection(ProjectConfigurationPlatforms) = postSolution
		{14EAB4C5-C4AA-4443-BB40-FF355A47A5F3}.Debug|Any CPU.ActiveCfg = Debug|Any CPU
		{14EAB4C5-C4AA-4443-BB40-FF355A47A5F3}.Debug|Any CPU.Build.0 = Debug|Any CPU
		{14EAB4C5-C4AA-4443-BB40-FF355A47A5F3}.Release|Any CPU.ActiveCfg = Release|Any CPU
		{14EAB4C5-C4AA-4443-BB40-FF355A47A5F3}.Release|Any CPU.Build.0 = Release|Any CPU
		{47EEC0B1-3B87-4796-9D9D-4864618DE324}.Debug|Any CPU.ActiveCfg = Debug|Any CPU
		{47EEC0B1-3B87-4796-9D9D-4864618DE324}.Debug|Any CPU.Build.0 = Debug|Any CPU
		{47EEC0B1-3B87-4796-9D9D-4864618DE324}.Release|Any CPU.ActiveCfg = Release|Any CPU
		{47EEC0B1-3B87-4796-9D9D-4864618DE324}.Release|Any CPU.Build.0 = Release|Any CPU
	EndGlobalSection
	GlobalSection(SolutionProperties) = preSolution
		HideSolutionNode = FALSE
	EndGlobalSection
	GlobalSection(ExtensibilityGlobals) = postSolution
		SolutionGuid = {B1061E93-A673-45AC-A3FD-30DAD8C9E3BC}
	EndGlobalSection
EndGlobal
